// !$*UTF8*$!
{
	archiveVersion = 1;
	classes = {
	};
	objectVersion = 55;
	objects = {

/* Begin PBXBuildFile section */
		2B50F5A928BC58CA004FA968 /* README.md in Resources */ = {isa = PBXBuildFile; fileRef = 2B50F5A828BC58CA004FA968 /* README.md */; };
		2B7A618528B852D1003E7ADA /* SpeechTricksViewController.swift in Sources */ = {isa = PBXBuildFile; fileRef = 2B7A618428B852D1003E7ADA /* SpeechTricksViewController.swift */; };
		2BAA401728B5DC3800B98167 /* RandomViewController.swift in Sources */ = {isa = PBXBuildFile; fileRef = 2BAA401628B5DC3800B98167 /* RandomViewController.swift */; };
		2BCA3C9228B5BC2700A2ECA6 /* AppDelegate.swift in Sources */ = {isa = PBXBuildFile; fileRef = 2BCA3C9128B5BC2700A2ECA6 /* AppDelegate.swift */; };
		2BCA3C9428B5BC2700A2ECA6 /* SceneDelegate.swift in Sources */ = {isa = PBXBuildFile; fileRef = 2BCA3C9328B5BC2700A2ECA6 /* SceneDelegate.swift */; };
		2BCA3C9628B5BC2700A2ECA6 /* ViewController.swift in Sources */ = {isa = PBXBuildFile; fileRef = 2BCA3C9528B5BC2700A2ECA6 /* ViewController.swift */; };
		2BCA3C9928B5BC2700A2ECA6 /* Main.storyboard in Resources */ = {isa = PBXBuildFile; fileRef = 2BCA3C9728B5BC2700A2ECA6 /* Main.storyboard */; };
		2BCA3C9B28B5BC2800A2ECA6 /* Assets.xcassets in Resources */ = {isa = PBXBuildFile; fileRef = 2BCA3C9A28B5BC2800A2ECA6 /* Assets.xcassets */; };
		2BCA3C9E28B5BC2800A2ECA6 /* LaunchScreen.storyboard in Resources */ = {isa = PBXBuildFile; fileRef = 2BCA3C9C28B5BC2800A2ECA6 /* LaunchScreen.storyboard */; };
		2BCA3CA928B5BC2800A2ECA6 /* Accessibility_FunTests.swift in Sources */ = {isa = PBXBuildFile; fileRef = 2BCA3CA828B5BC2800A2ECA6 /* Accessibility_FunTests.swift */; };
		2BCA3CB328B5BC2800A2ECA6 /* Accessibility_FunUITests.swift in Sources */ = {isa = PBXBuildFile; fileRef = 2BCA3CB228B5BC2800A2ECA6 /* Accessibility_FunUITests.swift */; };
		2BCA3CB528B5BC2800A2ECA6 /* Accessibility_FunUITestsLaunchTests.swift in Sources */ = {isa = PBXBuildFile; fileRef = 2BCA3CB428B5BC2800A2ECA6 /* Accessibility_FunUITestsLaunchTests.swift */; };
		2BCA3CC228B5C92C00A2ECA6 /* SpiffyViewController.swift in Sources */ = {isa = PBXBuildFile; fileRef = 2BCA3CC128B5C92C00A2ECA6 /* SpiffyViewController.swift */; };
/* End PBXBuildFile section */

/* Begin PBXContainerItemProxy section */
		2BCA3CA528B5BC2800A2ECA6 /* PBXContainerItemProxy */ = {
			isa = PBXContainerItemProxy;
			containerPortal = 2BCA3C8628B5BC2700A2ECA6 /* Project object */;
			proxyType = 1;
			remoteGlobalIDString = 2BCA3C8D28B5BC2700A2ECA6;
			remoteInfo = "Accessibility Fun";
		};
		2BCA3CAF28B5BC2800A2ECA6 /* PBXContainerItemProxy */ = {
			isa = PBXContainerItemProxy;
			containerPortal = 2BCA3C8628B5BC2700A2ECA6 /* Project object */;
			proxyType = 1;
			remoteGlobalIDString = 2BCA3C8D28B5BC2700A2ECA6;
			remoteInfo = "Accessibility Fun";
		};
/* End PBXContainerItemProxy section */

/* Begin PBXFileReference section */
		2B50F5A828BC58CA004FA968 /* README.md */ = {isa = PBXFileReference; fileEncoding = 4; lastKnownFileType = net.daringfireball.markdown; path = README.md; sourceTree = "<group>"; };
		2B7A618428B852D1003E7ADA /* SpeechTricksViewController.swift */ = {isa = PBXFileReference; lastKnownFileType = sourcecode.swift; path = SpeechTricksViewController.swift; sourceTree = "<group>"; };
		2BAA401628B5DC3800B98167 /* RandomViewController.swift */ = {isa = PBXFileReference; lastKnownFileType = sourcecode.swift; path = RandomViewController.swift; sourceTree = "<group>"; };
		2BCA3C8E28B5BC2700A2ECA6 /* Accessibility Fun.app */ = {isa = PBXFileReference; explicitFileType = wrapper.application; includeInIndex = 0; path = "Accessibility Fun.app"; sourceTree = BUILT_PRODUCTS_DIR; };
		2BCA3C9128B5BC2700A2ECA6 /* AppDelegate.swift */ = {isa = PBXFileReference; lastKnownFileType = sourcecode.swift; path = AppDelegate.swift; sourceTree = "<group>"; };
		2BCA3C9328B5BC2700A2ECA6 /* SceneDelegate.swift */ = {isa = PBXFileReference; lastKnownFileType = sourcecode.swift; path = SceneDelegate.swift; sourceTree = "<group>"; };
		2BCA3C9528B5BC2700A2ECA6 /* ViewController.swift */ = {isa = PBXFileReference; lastKnownFileType = sourcecode.swift; path = ViewController.swift; sourceTree = "<group>"; };
		2BCA3C9828B5BC2700A2ECA6 /* Base */ = {isa = PBXFileReference; lastKnownFileType = file.storyboard; name = Base; path = Base.lproj/Main.storyboard; sourceTree = "<group>"; };
		2BCA3C9A28B5BC2800A2ECA6 /* Assets.xcassets */ = {isa = PBXFileReference; lastKnownFileType = folder.assetcatalog; path = Assets.xcassets; sourceTree = "<group>"; };
		2BCA3C9D28B5BC2800A2ECA6 /* Base */ = {isa = PBXFileReference; lastKnownFileType = file.storyboard; name = Base; path = Base.lproj/LaunchScreen.storyboard; sourceTree = "<group>"; };
		2BCA3C9F28B5BC2800A2ECA6 /* Info.plist */ = {isa = PBXFileReference; lastKnownFileType = text.plist.xml; path = Info.plist; sourceTree = "<group>"; };
		2BCA3CA428B5BC2800A2ECA6 /* Accessibility FunTests.xctest */ = {isa = PBXFileReference; explicitFileType = wrapper.cfbundle; includeInIndex = 0; path = "Accessibility FunTests.xctest"; sourceTree = BUILT_PRODUCTS_DIR; };
		2BCA3CA828B5BC2800A2ECA6 /* Accessibility_FunTests.swift */ = {isa = PBXFileReference; lastKnownFileType = sourcecode.swift; path = Accessibility_FunTests.swift; sourceTree = "<group>"; };
		2BCA3CAE28B5BC2800A2ECA6 /* Accessibility FunUITests.xctest */ = {isa = PBXFileReference; explicitFileType = wrapper.cfbundle; includeInIndex = 0; path = "Accessibility FunUITests.xctest"; sourceTree = BUILT_PRODUCTS_DIR; };
		2BCA3CB228B5BC2800A2ECA6 /* Accessibility_FunUITests.swift */ = {isa = PBXFileReference; lastKnownFileType = sourcecode.swift; path = Accessibility_FunUITests.swift; sourceTree = "<group>"; };
		2BCA3CB428B5BC2800A2ECA6 /* Accessibility_FunUITestsLaunchTests.swift */ = {isa = PBXFileReference; lastKnownFileType = sourcecode.swift; path = Accessibility_FunUITestsLaunchTests.swift; sourceTree = "<group>"; };
		2BCA3CC128B5C92C00A2ECA6 /* SpiffyViewController.swift */ = {isa = PBXFileReference; lastKnownFileType = sourcecode.swift; path = SpiffyViewController.swift; sourceTree = "<group>"; };
/* End PBXFileReference section */

/* Begin PBXFrameworksBuildPhase section */
		2BCA3C8B28B5BC2700A2ECA6 /* Frameworks */ = {
			isa = PBXFrameworksBuildPhase;
			buildActionMask = 2147483647;
			files = (
			);
			runOnlyForDeploymentPostprocessing = 0;
		};
		2BCA3CA128B5BC2800A2ECA6 /* Frameworks */ = {
			isa = PBXFrameworksBuildPhase;
			buildActionMask = 2147483647;
			files = (
			);
			runOnlyForDeploymentPostprocessing = 0;
		};
		2BCA3CAB28B5BC2800A2ECA6 /* Frameworks */ = {
			isa = PBXFrameworksBuildPhase;
			buildActionMask = 2147483647;
			files = (
			);
			runOnlyForDeploymentPostprocessing = 0;
		};
/* End PBXFrameworksBuildPhase section */

/* Begin PBXGroup section */
		2BCA3C8528B5BC2700A2ECA6 = {
			isa = PBXGroup;
			children = (
				2B50F5A828BC58CA004FA968 /* README.md */,
				2BCA3C9028B5BC2700A2ECA6 /* Accessibility Fun */,
				2BCA3CA728B5BC2800A2ECA6 /* Accessibility FunTests */,
				2BCA3CB128B5BC2800A2ECA6 /* Accessibility FunUITests */,
				2BCA3C8F28B5BC2700A2ECA6 /* Products */,
			);
			sourceTree = "<group>";
		};
		2BCA3C8F28B5BC2700A2ECA6 /* Products */ = {
			isa = PBXGroup;
			children = (
				2BCA3C8E28B5BC2700A2ECA6 /* Accessibility Fun.app */,
				2BCA3CA428B5BC2800A2ECA6 /* Accessibility FunTests.xctest */,
				2BCA3CAE28B5BC2800A2ECA6 /* Accessibility FunUITests.xctest */,
			);
			name = Products;
			sourceTree = "<group>";
		};
		2BCA3C9028B5BC2700A2ECA6 /* Accessibility Fun */ = {
			isa = PBXGroup;
			children = (
				2BCA3C9128B5BC2700A2ECA6 /* AppDelegate.swift */,
				2BCA3C9328B5BC2700A2ECA6 /* SceneDelegate.swift */,
				2BCA3C9528B5BC2700A2ECA6 /* ViewController.swift */,
				2BCA3CC128B5C92C00A2ECA6 /* SpiffyViewController.swift */,
				2BAA401628B5DC3800B98167 /* RandomViewController.swift */,
				2BCA3C9728B5BC2700A2ECA6 /* Main.storyboard */,
				2B7A618428B852D1003E7ADA /* SpeechTricksViewController.swift */,
				2BCA3C9A28B5BC2800A2ECA6 /* Assets.xcassets */,
				2BCA3C9C28B5BC2800A2ECA6 /* LaunchScreen.storyboard */,
				2BCA3C9F28B5BC2800A2ECA6 /* Info.plist */,
			);
			path = "Accessibility Fun";
			sourceTree = "<group>";
		};
		2BCA3CA728B5BC2800A2ECA6 /* Accessibility FunTests */ = {
			isa = PBXGroup;
			children = (
				2BCA3CA828B5BC2800A2ECA6 /* Accessibility_FunTests.swift */,
			);
			path = "Accessibility FunTests";
			sourceTree = "<group>";
		};
		2BCA3CB128B5BC2800A2ECA6 /* Accessibility FunUITests */ = {
			isa = PBXGroup;
			children = (
				2BCA3CB228B5BC2800A2ECA6 /* Accessibility_FunUITests.swift */,
				2BCA3CB428B5BC2800A2ECA6 /* Accessibility_FunUITestsLaunchTests.swift */,
			);
			path = "Accessibility FunUITests";
			sourceTree = "<group>";
		};
/* End PBXGroup section */

/* Begin PBXNativeTarget section */
		2BCA3C8D28B5BC2700A2ECA6 /* Accessibility Fun */ = {
			isa = PBXNativeTarget;
			buildConfigurationList = 2BCA3CB828B5BC2800A2ECA6 /* Build configuration list for PBXNativeTarget "Accessibility Fun" */;
			buildPhases = (
				2BCA3C8A28B5BC2700A2ECA6 /* Sources */,
				2BCA3C8B28B5BC2700A2ECA6 /* Frameworks */,
				2BCA3C8C28B5BC2700A2ECA6 /* Resources */,
			);
			buildRules = (
			);
			dependencies = (
			);
			name = "Accessibility Fun";
			productName = "Accessibility Fun";
			productReference = 2BCA3C8E28B5BC2700A2ECA6 /* Accessibility Fun.app */;
			productType = "com.apple.product-type.application";
		};
		2BCA3CA328B5BC2800A2ECA6 /* Accessibility FunTests */ = {
			isa = PBXNativeTarget;
			buildConfigurationList = 2BCA3CBB28B5BC2800A2ECA6 /* Build configuration list for PBXNativeTarget "Accessibility FunTests" */;
			buildPhases = (
				2BCA3CA028B5BC2800A2ECA6 /* Sources */,
				2BCA3CA128B5BC2800A2ECA6 /* Frameworks */,
				2BCA3CA228B5BC2800A2ECA6 /* Resources */,
			);
			buildRules = (
			);
			dependencies = (
				2BCA3CA628B5BC2800A2ECA6 /* PBXTargetDependency */,
			);
			name = "Accessibility FunTests";
			productName = "Accessibility FunTests";
			productReference = 2BCA3CA428B5BC2800A2ECA6 /* Accessibility FunTests.xctest */;
			productType = "com.apple.product-type.bundle.unit-test";
		};
		2BCA3CAD28B5BC2800A2ECA6 /* Accessibility FunUITests */ = {
			isa = PBXNativeTarget;
			buildConfigurationList = 2BCA3CBE28B5BC2800A2ECA6 /* Build configuration list for PBXNativeTarget "Accessibility FunUITests" */;
			buildPhases = (
				2BCA3CAA28B5BC2800A2ECA6 /* Sources */,
				2BCA3CAB28B5BC2800A2ECA6 /* Frameworks */,
				2BCA3CAC28B5BC2800A2ECA6 /* Resources */,
			);
			buildRules = (
			);
			dependencies = (
				2BCA3CB028B5BC2800A2ECA6 /* PBXTargetDependency */,
			);
			name = "Accessibility FunUITests";
			productName = "Accessibility FunUITests";
			productReference = 2BCA3CAE28B5BC2800A2ECA6 /* Accessibility FunUITests.xctest */;
			productType = "com.apple.product-type.bundle.ui-testing";
		};
/* End PBXNativeTarget section */

/* Begin PBXProject section */
		2BCA3C8628B5BC2700A2ECA6 /* Project object */ = {
			isa = PBXProject;
			attributes = {
				BuildIndependentTargetsInParallel = 1;
				LastSwiftUpdateCheck = 1340;
				LastUpgradeCheck = 1340;
				TargetAttributes = {
					2BCA3C8D28B5BC2700A2ECA6 = {
						CreatedOnToolsVersion = 13.4.1;
					};
					2BCA3CA328B5BC2800A2ECA6 = {
						CreatedOnToolsVersion = 13.4.1;
						TestTargetID = 2BCA3C8D28B5BC2700A2ECA6;
					};
					2BCA3CAD28B5BC2800A2ECA6 = {
						CreatedOnToolsVersion = 13.4.1;
						TestTargetID = 2BCA3C8D28B5BC2700A2ECA6;
					};
				};
			};
			buildConfigurationList = 2BCA3C8928B5BC2700A2ECA6 /* Build configuration list for PBXProject "Accessibility Fun" */;
			compatibilityVersion = "Xcode 13.0";
			developmentRegion = en;
			hasScannedForEncodings = 0;
			knownRegions = (
				en,
				Base,
			);
			mainGroup = 2BCA3C8528B5BC2700A2ECA6;
			productRefGroup = 2BCA3C8F28B5BC2700A2ECA6 /* Products */;
			projectDirPath = "";
			projectRoot = "";
			targets = (
				2BCA3C8D28B5BC2700A2ECA6 /* Accessibility Fun */,
				2BCA3CA328B5BC2800A2ECA6 /* Accessibility FunTests */,
				2BCA3CAD28B5BC2800A2ECA6 /* Accessibility FunUITests */,
			);
		};
/* End PBXProject section */

/* Begin PBXResourcesBuildPhase section */
		2BCA3C8C28B5BC2700A2ECA6 /* Resources */ = {
			isa = PBXResourcesBuildPhase;
			buildActionMask = 2147483647;
			files = (
				2BCA3C9E28B5BC2800A2ECA6 /* LaunchScreen.storyboard in Resources */,
				2BCA3C9B28B5BC2800A2ECA6 /* Assets.xcassets in Resources */,
				2B50F5A928BC58CA004FA968 /* README.md in Resources */,
				2BCA3C9928B5BC2700A2ECA6 /* Main.storyboard in Resources */,
			);
			runOnlyForDeploymentPostprocessing = 0;
		};
		2BCA3CA228B5BC2800A2ECA6 /* Resources */ = {
			isa = PBXResourcesBuildPhase;
			buildActionMask = 2147483647;
			files = (
			);
			runOnlyForDeploymentPostprocessing = 0;
		};
		2BCA3CAC28B5BC2800A2ECA6 /* Resources */ = {
			isa = PBXResourcesBuildPhase;
			buildActionMask = 2147483647;
			files = (
			);
			runOnlyForDeploymentPostprocessing = 0;
		};
/* End PBXResourcesBuildPhase section */

/* Begin PBXSourcesBuildPhase section */
		2BCA3C8A28B5BC2700A2ECA6 /* Sources */ = {
			isa = PBXSourcesBuildPhase;
			buildActionMask = 2147483647;
			files = (
				2BAA401728B5DC3800B98167 /* RandomViewController.swift in Sources */,
				2BCA3C9628B5BC2700A2ECA6 /* ViewController.swift in Sources */,
				2BCA3CC228B5C92C00A2ECA6 /* SpiffyViewController.swift in Sources */,
				2BCA3C9228B5BC2700A2ECA6 /* AppDelegate.swift in Sources */,
				2B7A618528B852D1003E7ADA /* SpeechTricksViewController.swift in Sources */,
				2BCA3C9428B5BC2700A2ECA6 /* SceneDelegate.swift in Sources */,
			);
			runOnlyForDeploymentPostprocessing = 0;
		};
		2BCA3CA028B5BC2800A2ECA6 /* Sources */ = {
			isa = PBXSourcesBuildPhase;
			buildActionMask = 2147483647;
			files = (
				2BCA3CA928B5BC2800A2ECA6 /* Accessibility_FunTests.swift in Sources */,
			);
			runOnlyForDeploymentPostprocessing = 0;
		};
		2BCA3CAA28B5BC2800A2ECA6 /* Sources */ = {
			isa = PBXSourcesBuildPhase;
			buildActionMask = 2147483647;
			files = (
				2BCA3CB328B5BC2800A2ECA6 /* Accessibility_FunUITests.swift in Sources */,
				2BCA3CB528B5BC2800A2ECA6 /* Accessibility_FunUITestsLaunchTests.swift in Sources */,
			);
			runOnlyForDeploymentPostprocessing = 0;
		};
/* End PBXSourcesBuildPhase section */

/* Begin PBXTargetDependency section */
		2BCA3CA628B5BC2800A2ECA6 /* PBXTargetDependency */ = {
			isa = PBXTargetDependency;
			target = 2BCA3C8D28B5BC2700A2ECA6 /* Accessibility Fun */;
			targetProxy = 2BCA3CA528B5BC2800A2ECA6 /* PBXContainerItemProxy */;
		};
		2BCA3CB028B5BC2800A2ECA6 /* PBXTargetDependency */ = {
			isa = PBXTargetDependency;
			target = 2BCA3C8D28B5BC2700A2ECA6 /* Accessibility Fun */;
			targetProxy = 2BCA3CAF28B5BC2800A2ECA6 /* PBXContainerItemProxy */;
		};
/* End PBXTargetDependency section */

/* Begin PBXVariantGroup section */
		2BCA3C9728B5BC2700A2ECA6 /* Main.storyboard */ = {
			isa = PBXVariantGroup;
			children = (
				2BCA3C9828B5BC2700A2ECA6 /* Base */,
			);
			name = Main.storyboard;
			sourceTree = "<group>";
		};
		2BCA3C9C28B5BC2800A2ECA6 /* LaunchScreen.storyboard */ = {
			isa = PBXVariantGroup;
			children = (
				2BCA3C9D28B5BC2800A2ECA6 /* Base */,
			);
			name = LaunchScreen.storyboard;
			sourceTree = "<group>";
		};
/* End PBXVariantGroup section */

/* Begin XCBuildConfiguration section */
		2BCA3CB628B5BC2800A2ECA6 /* Debug */ = {
			isa = XCBuildConfiguration;
			buildSettings = {
				ALWAYS_SEARCH_USER_PATHS = NO;
				CLANG_ANALYZER_NONNULL = YES;
				CLANG_ANALYZER_NUMBER_OBJECT_CONVERSION = YES_AGGRESSIVE;
				CLANG_CXX_LANGUAGE_STANDARD = "gnu++17";
				CLANG_ENABLE_MODULES = YES;
				CLANG_ENABLE_OBJC_ARC = YES;
				CLANG_ENABLE_OBJC_WEAK = YES;
				CLANG_WARN_BLOCK_CAPTURE_AUTORELEASING = YES;
				CLANG_WARN_BOOL_CONVERSION = YES;
				CLANG_WARN_COMMA = YES;
				CLANG_WARN_CONSTANT_CONVERSION = YES;
				CLANG_WARN_DEPRECATED_OBJC_IMPLEMENTATIONS = YES;
				CLANG_WARN_DIRECT_OBJC_ISA_USAGE = YES_ERROR;
				CLANG_WARN_DOCUMENTATION_COMMENTS = YES;
				CLANG_WARN_EMPTY_BODY = YES;
				CLANG_WARN_ENUM_CONVERSION = YES;
				CLANG_WARN_INFINITE_RECURSION = YES;
				CLANG_WARN_INT_CONVERSION = YES;
				CLANG_WARN_NON_LITERAL_NULL_CONVERSION = YES;
				CLANG_WARN_OBJC_IMPLICIT_RETAIN_SELF = YES;
				CLANG_WARN_OBJC_LITERAL_CONVERSION = YES;
				CLANG_WARN_OBJC_ROOT_CLASS = YES_ERROR;
				CLANG_WARN_QUOTED_INCLUDE_IN_FRAMEWORK_HEADER = YES;
				CLANG_WARN_RANGE_LOOP_ANALYSIS = YES;
				CLANG_WARN_STRICT_PROTOTYPES = YES;
				CLANG_WARN_SUSPICIOUS_MOVE = YES;
				CLANG_WARN_UNGUARDED_AVAILABILITY = YES_AGGRESSIVE;
				CLANG_WARN_UNREACHABLE_CODE = YES;
				CLANG_WARN__DUPLICATE_METHOD_MATCH = YES;
				COPY_PHASE_STRIP = NO;
				DEBUG_INFORMATION_FORMAT = dwarf;
				ENABLE_STRICT_OBJC_MSGSEND = YES;
				ENABLE_TESTABILITY = YES;
				GCC_C_LANGUAGE_STANDARD = gnu11;
				GCC_DYNAMIC_NO_PIC = NO;
				GCC_NO_COMMON_BLOCKS = YES;
				GCC_OPTIMIZATION_LEVEL = 0;
				GCC_PREPROCESSOR_DEFINITIONS = (
					"DEBUG=1",
					"$(inherited)",
				);
				GCC_WARN_64_TO_32_BIT_CONVERSION = YES;
				GCC_WARN_ABOUT_RETURN_TYPE = YES_ERROR;
				GCC_WARN_UNDECLARED_SELECTOR = YES;
				GCC_WARN_UNINITIALIZED_AUTOS = YES_AGGRESSIVE;
				GCC_WARN_UNUSED_FUNCTION = YES;
				GCC_WARN_UNUSED_VARIABLE = YES;
				IPHONEOS_DEPLOYMENT_TARGET = 15.5;
				MTL_ENABLE_DEBUG_INFO = INCLUDE_SOURCE;
				MTL_FAST_MATH = YES;
				ONLY_ACTIVE_ARCH = YES;
				SDKROOT = iphoneos;
				SWIFT_ACTIVE_COMPILATION_CONDITIONS = DEBUG;
				SWIFT_OPTIMIZATION_LEVEL = "-Onone";
			};
			name = Debug;
		};
		2BCA3CB728B5BC2800A2ECA6 /* Release */ = {
			isa = XCBuildConfiguration;
			buildSettings = {
				ALWAYS_SEARCH_USER_PATHS = NO;
				CLANG_ANALYZER_NONNULL = YES;
				CLANG_ANALYZER_NUMBER_OBJECT_CONVERSION = YES_AGGRESSIVE;
				CLANG_CXX_LANGUAGE_STANDARD = "gnu++17";
				CLANG_ENABLE_MODULES = YES;
				CLANG_ENABLE_OBJC_ARC = YES;
				CLANG_ENABLE_OBJC_WEAK = YES;
				CLANG_WARN_BLOCK_CAPTURE_AUTORELEASING = YES;
				CLANG_WARN_BOOL_CONVERSION = YES;
				CLANG_WARN_COMMA = YES;
				CLANG_WARN_CONSTANT_CONVERSION = YES;
				CLANG_WARN_DEPRECATED_OBJC_IMPLEMENTATIONS = YES;
				CLANG_WARN_DIRECT_OBJC_ISA_USAGE = YES_ERROR;
				CLANG_WARN_DOCUMENTATION_COMMENTS = YES;
				CLANG_WARN_EMPTY_BODY = YES;
				CLANG_WARN_ENUM_CONVERSION = YES;
				CLANG_WARN_INFINITE_RECURSION = YES;
				CLANG_WARN_INT_CONVERSION = YES;
				CLANG_WARN_NON_LITERAL_NULL_CONVERSION = YES;
				CLANG_WARN_OBJC_IMPLICIT_RETAIN_SELF = YES;
				CLANG_WARN_OBJC_LITERAL_CONVERSION = YES;
				CLANG_WARN_OBJC_ROOT_CLASS = YES_ERROR;
				CLANG_WARN_QUOTED_INCLUDE_IN_FRAMEWORK_HEADER = YES;
				CLANG_WARN_RANGE_LOOP_ANALYSIS = YES;
				CLANG_WARN_STRICT_PROTOTYPES = YES;
				CLANG_WARN_SUSPICIOUS_MOVE = YES;
				CLANG_WARN_UNGUARDED_AVAILABILITY = YES_AGGRESSIVE;
				CLANG_WARN_UNREACHABLE_CODE = YES;
				CLANG_WARN__DUPLICATE_METHOD_MATCH = YES;
				COPY_PHASE_STRIP = NO;
				DEBUG_INFORMATION_FORMAT = "dwarf-with-dsym";
				ENABLE_NS_ASSERTIONS = NO;
				ENABLE_STRICT_OBJC_MSGSEND = YES;
				GCC_C_LANGUAGE_STANDARD = gnu11;
				GCC_NO_COMMON_BLOCKS = YES;
				GCC_WARN_64_TO_32_BIT_CONVERSION = YES;
				GCC_WARN_ABOUT_RETURN_TYPE = YES_ERROR;
				GCC_WARN_UNDECLARED_SELECTOR = YES;
				GCC_WARN_UNINITIALIZED_AUTOS = YES_AGGRESSIVE;
				GCC_WARN_UNUSED_FUNCTION = YES;
				GCC_WARN_UNUSED_VARIABLE = YES;
				IPHONEOS_DEPLOYMENT_TARGET = 15.5;
				MTL_ENABLE_DEBUG_INFO = NO;
				MTL_FAST_MATH = YES;
				SDKROOT = iphoneos;
				SWIFT_COMPILATION_MODE = wholemodule;
				SWIFT_OPTIMIZATION_LEVEL = "-O";
				VALIDATE_PRODUCT = YES;
			};
			name = Release;
		};
		2BCA3CB928B5BC2800A2ECA6 /* Debug */ = {
			isa = XCBuildConfiguration;
			buildSettings = {
				ASSETCATALOG_COMPILER_APPICON_NAME = AppIcon;
				ASSETCATALOG_COMPILER_GLOBAL_ACCENT_COLOR_NAME = AccentColor;
				CODE_SIGN_STYLE = Automatic;
				CURRENT_PROJECT_VERSION = 1;
				DEVELOPMENT_TEAM = TW8SJXYFP5;
				GENERATE_INFOPLIST_FILE = YES;
				INFOPLIST_FILE = "Accessibility Fun/Info.plist";
				INFOPLIST_KEY_UIApplicationSupportsIndirectInputEvents = YES;
				INFOPLIST_KEY_UILaunchStoryboardName = LaunchScreen;
				INFOPLIST_KEY_UIMainStoryboardFile = Main;
				INFOPLIST_KEY_UISupportedInterfaceOrientations_iPad = "UIInterfaceOrientationPortrait UIInterfaceOrientationPortraitUpsideDown UIInterfaceOrientationLandscapeLeft UIInterfaceOrientationLandscapeRight";
				INFOPLIST_KEY_UISupportedInterfaceOrientations_iPhone = "UIInterfaceOrientationPortrait UIInterfaceOrientationLandscapeLeft UIInterfaceOrientationLandscapeRight";
				LD_RUNPATH_SEARCH_PATHS = (
					"$(inherited)",
					"@executable_path/Frameworks",
				);
				MARKETING_VERSION = 1.0;
				PRODUCT_BUNDLE_IDENTIFIER = "com.halmueller.Accessibility-Fun";
				PRODUCT_NAME = "$(TARGET_NAME)";
				SWIFT_EMIT_LOC_STRINGS = YES;
				SWIFT_VERSION = 5.0;
				TARGETED_DEVICE_FAMILY = "1,2";
			};
			name = Debug;
		};
		2BCA3CBA28B5BC2800A2ECA6 /* Release */ = {
			isa = XCBuildConfiguration;
			buildSettings = {
				ASSETCATALOG_COMPILER_APPICON_NAME = AppIcon;
				ASSETCATALOG_COMPILER_GLOBAL_ACCENT_COLOR_NAME = AccentColor;
				CODE_SIGN_STYLE = Automatic;
				CURRENT_PROJECT_VERSION = 1;
				DEVELOPMENT_TEAM = TW8SJXYFP5;
				GENERATE_INFOPLIST_FILE = YES;
				INFOPLIST_FILE = "Accessibility Fun/Info.plist";
				INFOPLIST_KEY_UIApplicationSupportsIndirectInputEvents = YES;
				INFOPLIST_KEY_UILaunchStoryboardName = LaunchScreen;
				INFOPLIST_KEY_UIMainStoryboardFile = Main;
				INFOPLIST_KEY_UISupportedInterfaceOrientations_iPad = "UIInterfaceOrientationPortrait UIInterfaceOrientationPortraitUpsideDown UIInterfaceOrientationLandscapeLeft UIInterfaceOrientationLandscapeRight";
				INFOPLIST_KEY_UISupportedInterfaceOrientations_iPhone = "UIInterfaceOrientationPortrait UIInterfaceOrientationLandscapeLeft UIInterfaceOrientationLandscapeRight";
				LD_RUNPATH_SEARCH_PATHS = (
					"$(inherited)",
					"@executable_path/Frameworks",
				);
				MARKETING_VERSION = 1.0;
				PRODUCT_BUNDLE_IDENTIFIER = "com.halmueller.Accessibility-Fun";
				PRODUCT_NAME = "$(TARGET_NAME)";
				SWIFT_EMIT_LOC_STRINGS = YES;
				SWIFT_VERSION = 5.0;
				TARGETED_DEVICE_FAMILY = "1,2";
			};
			name = Release;
		};
		2BCA3CBC28B5BC2800A2ECA6 /* Debug */ = {
			isa = XCBuildConfiguration;
			buildSettings = {
				ALWAYS_EMBED_SWIFT_STANDARD_LIBRARIES = YES;
				BUNDLE_LOADER = "$(TEST_HOST)";
				CODE_SIGN_STYLE = Automatic;
				CURRENT_PROJECT_VERSION = 1;
				DEVELOPMENT_TEAM = TW8SJXYFP5;
				GENERATE_INFOPLIST_FILE = YES;
				IPHONEOS_DEPLOYMENT_TARGET = 15.5;
				MARKETING_VERSION = 1.0;
				PRODUCT_BUNDLE_IDENTIFIER = "com.halmueller.Accessibility-FunTests";
				PRODUCT_NAME = "$(TARGET_NAME)";
				SWIFT_EMIT_LOC_STRINGS = NO;
				SWIFT_VERSION = 5.0;
				TARGETED_DEVICE_FAMILY = "1,2";
				TEST_HOST = "$(BUILT_PRODUCTS_DIR)/Accessibility Fun.app/Accessibility Fun";
			};
			name = Debug;
		};
		2BCA3CBD28B5BC2800A2ECA6 /* Release */ = {
			isa = XCBuildConfiguration;
			buildSettings = {
				ALWAYS_EMBED_SWIFT_STANDARD_LIBRARIES = YES;
				BUNDLE_LOADER = "$(TEST_HOST)";
				CODE_SIGN_STYLE = Automatic;
				CURRENT_PROJECT_VERSION = 1;
				DEVELOPMENT_TEAM = TW8SJXYFP5;
				GENERATE_INFOPLIST_FILE = YES;
				IPHONEOS_DEPLOYMENT_TARGET = 15.5;
				MARKETING_VERSION = 1.0;
				PRODUCT_BUNDLE_IDENTIFIER = "com.halmueller.Accessibility-FunTests";
				PRODUCT_NAME = "$(TARGET_NAME)";
				SWIFT_EMIT_LOC_STRINGS = NO;
				SWIFT_VERSION = 5.0;
				TARGETED_DEVICE_FAMILY = "1,2";
				TEST_HOST = "$(BUILT_PRODUCTS_DIR)/Accessibility Fun.app/Accessibility Fun";
			};
			name = Release;
		};
		2BCA3CBF28B5BC2800A2ECA6 /* Debug */ = {
			isa = XCBuildConfiguration;
			buildSettings = {
				ALWAYS_EMBED_SWIFT_STANDARD_LIBRARIES = YES;
				CODE_SIGN_STYLE = Automatic;
				CURRENT_PROJECT_VERSION = 1;
				DEVELOPMENT_TEAM = TW8SJXYFP5;
				GENERATE_INFOPLIST_FILE = YES;
				MARKETING_VERSION = 1.0;
				PRODUCT_BUNDLE_IDENTIFIER = "com.halmueller.Accessibility-FunUITests";
				PRODUCT_NAME = "$(TARGET_NAME)";
				SWIFT_EMIT_LOC_STRINGS = NO;
				SWIFT_VERSION = 5.0;
				TARGETED_DEVICE_FAMILY = "1,2";
				TEST_TARGET_NAME = "Accessibility Fun";
			};
			name = Debug;
		};
		2BCA3CC028B5BC2800A2ECA6 /* Release */ = {
			isa = XCBuildConfiguration;
			buildSettings = {
				ALWAYS_EMBED_SWIFT_STANDARD_LIBRARIES = YES;
				CODE_SIGN_STYLE = Automatic;
				CURRENT_PROJECT_VERSION = 1;
				DEVELOPMENT_TEAM = TW8SJXYFP5;
				GENERATE_INFOPLIST_FILE = YES;
				MARKETING_VERSION = 1.0;
				PRODUCT_BUNDLE_IDENTIFIER = "com.halmueller.Accessibility-FunUITests";
				PRODUCT_NAME = "$(TARGET_NAME)";
				SWIFT_EMIT_LOC_STRINGS = NO;
				SWIFT_VERSION = 5.0;
				TARGETED_DEVICE_FAMILY = "1,2";
				TEST_TARGET_NAME = "Accessibility Fun";
			};
			name = Release;
		};
/* End XCBuildConfiguration section */

/* Begin XCConfigurationList section */
		2BCA3C8928B5BC2700A2ECA6 /* Build configuration list for PBXProject "Accessibility Fun" */ = {
			isa = XCConfigurationList;
			buildConfigurations = (
				2BCA3CB628B5BC2800A2ECA6 /* Debug */,
				2BCA3CB728B5BC2800A2ECA6 /* Release */,
			);
			defaultConfigurationIsVisible = 0;
			defaultConfigurationName = Release;
		};
		2BCA3CB828B5BC2800A2ECA6 /* Build configuration list for PBXNativeTarget "Accessibility Fun" */ = {
			isa = XCConfigurationList;
			buildConfigurations = (
				2BCA3CB928B5BC2800A2ECA6 /* Debug */,
				2BCA3CBA28B5BC2800A2ECA6 /* Release */,
			);
			defaultConfigurationIsVisible = 0;
			defaultConfigurationName = Release;
		};
		2BCA3CBB28B5BC2800A2ECA6 /* Build configuration list for PBXNativeTarget "Accessibility FunTests" */ = {
			isa = XCConfigurationList;
			buildConfigurations = (
				2BCA3CBC28B5BC2800A2ECA6 /* Debug */,
				2BCA3CBD28B5BC2800A2ECA6 /* Release */,
			);
			defaultConfigurationIsVisible = 0;
			defaultConfigurationName = Release;
		};
		2BCA3CBE28B5BC2800A2ECA6 /* Build configuration list for PBXNativeTarget "Accessibility FunUITests" */ = {
			isa = XCConfigurationList;
			buildConfigurations = (
				2BCA3CBF28B5BC2800A2ECA6 /* Debug */,
				2BCA3CC028B5BC2800A2ECA6 /* Release */,
			);
			defaultConfigurationIsVisible = 0;
			defaultConfigurationName = Release;
		};
/* End XCConfigurationList section */
	};
	rootObject = 2BCA3C8628B5BC2700A2ECA6 /* Project object */;
}
